
Microsoft Visual Studio Solution File, Format Version 12.00
# Visual Studio Version 17
VisualStudioVersion = 17.8.34309.116
MinimumVisualStudioVersion = 10.0.40219.1
Project("{FAE04EC0-301F-11D3-BF4B-00C04F79EFBC}") = "Domain", "src\Domain\Domain.csproj", "{54D16DDB-401D-4066-A159-2F32D4520EE3}"
EndProject
Project("{FAE04EC0-301F-11D3-BF4B-00C04F79EFBC}") = "Domain.Test", "src\Domain.Test\Domain.Test.csproj", "{1AE41012-5FEA-4D5E-BCA4-77F4B635A67B}"
EndProject
Global
	GlobalSection(SolutionConfigurationPlatforms) = preSolution
		Debug|Any CPU = Debug|Any CPU
		Release|Any CPU = Release|Any CPU
	EndGlobalSection
	GlobalSection(ProjectConfigurationPlatforms) = postSolution
		{54D16DDB-401D-4066-A159-2F32D4520EE3}.Debug|Any CPU.ActiveCfg = Debug|Any CPU
		{54D16DDB-401D-4066-A159-2F32D4520EE3}.Debug|Any CPU.Build.0 = Debug|Any CPU
		{54D16DDB-401D-4066-A159-2F32D4520EE3}.Release|Any CPU.ActiveCfg = Release|Any CPU
		{54D16DDB-401D-4066-A159-2F32D4520EE3}.Release|Any CPU.Build.0 = Release|Any CPU
		{1AE41012-5FEA-4D5E-BCA4-77F4B635A67B}.Debug|Any CPU.ActiveCfg = Debug|Any CPU
		{1AE41012-5FEA-4D5E-BCA4-77F4B635A67B}.Debug|Any CPU.Build.0 = Debug|Any CPU
		{1AE41012-5FEA-4D5E-BCA4-77F4B635A67B}.Release|Any CPU.ActiveCfg = Release|Any CPU
		{1AE41012-5FEA-4D5E-BCA4-77F4B635A67B}.Release|Any CPU.Build.0 = Release|Any CPU
	EndGlobalSection
	GlobalSection(SolutionProperties) = preSolution
		HideSolutionNode = FALSE
	EndGlobalSection
	GlobalSection(ExtensibilityGlobals) = postSolution
		SolutionGuid = {BA1312F6-165C-4586-93D6-71263FD0A52B}
	EndGlobalSection
EndGlobal
